
Microsoft Visual Studio Solution File, Format Version 12.00
# Visual Studio Version 17
VisualStudioVersion = 17.7.34221.43
MinimumVisualStudioVersion = 10.0.40219.1
Project("{FAE04EC0-301F-11D3-BF4B-00C04F79EFBC}") = "VeriSoft", "VeriSoft.csproj", "{5550A593-885A-44D8-AEDA-06E1CF1F3075}"
EndProject
Global
	GlobalSection(SolutionConfigurationPlatforms) = preSolution
		Debug|Any CPU = Debug|Any CPU
		Release|Any CPU = Release|Any CPU
	EndGlobalSection
	GlobalSection(ProjectConfigurationPlatforms) = postSolution
		{5550A593-885A-44D8-AEDA-06E1CF1F3075}.Debug|Any CPU.ActiveCfg = Debug|Any CPU
		{5550A593-885A-44D8-AEDA-06E1CF1F3075}.Debug|Any CPU.Build.0 = Debug|Any CPU
		{5550A593-885A-44D8-AEDA-06E1CF1F3075}.Release|Any CPU.ActiveCfg = Release|Any CPU
		{5550A593-885A-44D8-AEDA-06E1CF1F3075}.Release|Any CPU.Build.0 = Release|Any CPU
	EndGlobalSection
	GlobalSection(SolutionProperties) = preSolution
		HideSolutionNode = FALSE
	EndGlobalSection
	GlobalSection(ExtensibilityGlobals) = postSolution
		SolutionGuid = {F096E347-239E-46BF-A7E0-9C6A0B5610FF}
	EndGlobalSection
EndGlobal
